github.com/angelsolaorbaiceta/inkgeom v0.1.0 h1:do+b8WXBOtZbT1mT534TVtnOJgj0+OsU1v1YHrVRWWc=
github.com/angelsolaorbaiceta/inkgeom v0.1.0/go.mod h1:67SrszU2zZjuCdUJ+q98XZAyAlbCQAVFV4gqB7bmXa4=
github.com/angelsolaorbaiceta/inkgeom v0.1.1 h1:scEEjieYCX8CmcA4vt6GcHM7iNCLioQVqvpN0x8G6RI=
github.com/angelsolaorbaiceta/inkgeom v0.1.1/go.mod h1:67SrszU2zZjuCdUJ+q98XZAyAlbCQAVFV4gqB7bmXa4=
github.com/angelsolaorbaiceta/inkmath v0.1.0 h1:UeG/Eyiy9jkAO0uF4pLyQKF+m8deGjkIRp5McoT/5GQ=
github.com/angelsolaorbaiceta/inkmath v0.1.0/go.mod h1:cXjkMLUXXXHVDtExYtLRCbtbFgCAAWr4c2tFOCuXzzg=
