github.com/angelsolaorbaiceta/inkgeom v0.1.2 h1:yDPiapuo/MM2wuac7piit9bQBPDYK5QEpV3tMEZzEmI=
github.com/angelsolaorbaiceta/inkgeom v0.1.2/go.mod h1:67SrszU2zZjuCdUJ+q98XZAyAlbCQAVFV4gqB7bmXa4=
github.com/angelsolaorbaiceta/inkgeom v0.1.3 h1:6EPpEdgRGg90wMy5aaEb3/Cj0pMMyeQ20K4d92ULPW8=
github.com/angelsolaorbaiceta/inkgeom v0.1.3/go.mod h1:Qtjzx4mZFDJ0nyHRgnCIBMz4Pk9jprMRWav2KcfoPBs=
github.com/angelsolaorbaiceta/inkmath v0.2.0 h1:F5ZffJt61B87lI6u7zwFhSdvUxwnEdn5OkD3cqo/qi0=
github.com/angelsolaorbaiceta/inkmath v0.2.0/go.mod h1:CdLHsjexPbl/MxosNjmLYQpRyfJ9WCo3mF+rQ7y96XY=
github.com/angelsolaorbaiceta/inkmath v0.2.1 h1:qS+aZBESITDse85/2njp0funJN5RkpPgFSYbjgadMiQ=
github.com/angelsolaorbaiceta/inkmath v0.2.1/go.mod h1:FXvzjVSjQ48n1RPHsuWSjEI3jFA2sB0Jo+Ae/ay930E=
